
Microsoft Visual Studio Solution File, Format Version 12.00
# Visual Studio Version 16
VisualStudioVersion = 16.0.32228.343
MinimumVisualStudioVersion = 10.0.40219.1
Project("{FAE04EC0-301F-11D3-BF4B-00C04F79EFBC}") = "PerfumeSalon", "PerfumeSalon\PerfumeSalon.csproj", "{D0C8C2A5-46CE-4B5F-AA85-16E9DB368526}"
EndProject
Global
	GlobalSection(SolutionConfigurationPlatforms) = preSolution
		Debug|Any CPU = Debug|Any CPU
		Release|Any CPU = Release|Any CPU
	EndGlobalSection
	GlobalSection(ProjectConfigurationPlatforms) = postSolution
		{D0C8C2A5-46CE-4B5F-AA85-16E9DB368526}.Debug|Any CPU.ActiveCfg = Debug|Any CPU
		{D0C8C2A5-46CE-4B5F-AA85-16E9DB368526}.Debug|Any CPU.Build.0 = Debug|Any CPU
		{D0C8C2A5-46CE-4B5F-AA85-16E9DB368526}.Release|Any CPU.ActiveCfg = Release|Any CPU
		{D0C8C2A5-46CE-4B5F-AA85-16E9DB368526}.Release|Any CPU.Build.0 = Release|Any CPU
	EndGlobalSection
	GlobalSection(SolutionProperties) = preSolution
		HideSolutionNode = FALSE
	EndGlobalSection
	GlobalSection(ExtensibilityGlobals) = postSolution
		SolutionGuid = {4AC8BE5E-64BD-4F3D-B1D5-BFC66BE7E5F9}
	EndGlobalSection
EndGlobal
